packages:
- package: dbt-labs/codegen
  version: 0.12.1
- package: dbt-labs/dbt_utils
  version: 1.1.1
- package: dbt-labs/dbt_external_tables
  version: 0.8.7
- package: brooklyn-data/dbt_artifacts
  version: 2.6.2
- package: elementary-data/elementary
  version: 0.12.1
- git: https://github.com/dpguthrie/facebook_module
  revision: 1f8d6626bd2c5ad98393a3ddf8df2248fb8246e3
sha1_hash: f48a93fd1074aec95cf64b80d666c52254ee7139
